
Microsoft Visual Studio Solution File, Format Version 12.00
# Visual Studio Version 17
VisualStudioVersion = 17.6.33723.286
MinimumVisualStudioVersion = 10.0.40219.1
Project("{2150E333-8FDC-42A3-9474-1A3956D46DE8}") = "src", "src", "{2694D8D9-D2ED-4D07-AB7F-C095105B1220}"
EndProject
Project("{9A19103F-16F7-4668-BE54-9A1E7A4F7556}") = "SLMS.Models", "SLMS.Models\SLMS.Models.csproj", "{D98CBAE3-4486-4EB5-AC98-F4032EA2C39D}"
EndProject
Project("{9A19103F-16F7-4668-BE54-9A1E7A4F7556}") = "SLMS.API", "SLMS.API\SLMS.API.csproj", "{9FD2C5C8-3781-4C82-8DEC-C5D6AF142C17}"
EndProject
Project("{9A19103F-16F7-4668-BE54-9A1E7A4F7556}") = "SLMS.Application", "SLMS.Application\SLMS.Application.csproj", "{014423E3-044D-485E-9E97-D2E919DF8D4A}"
EndProject
Project("{9A19103F-16F7-4668-BE54-9A1E7A4F7556}") = "SLMS.Infrastructure", "SLMS.Infrastructure\SLMS.Infrastructure.csproj", "{2964CEDB-970B-435B-A94E-688CDB8839EB}"
EndProject
Project("{2150E333-8FDC-42A3-9474-1A3956D46DE8}") = "test", "test", "{86F16125-12AF-41ED-9544-600DC38463F3}"
EndProject
Project("{9A19103F-16F7-4668-BE54-9A1E7A4F7556}") = "SLMS.EntityFrameworkCore", "SLMS.EntityFrameworkCore\SLMS.EntityFrameworkCore.csproj", "{BC2B09F6-D447-4DBF-BD2D-01B9A9D96DDC}"
EndProject
Project("{9A19103F-16F7-4668-BE54-9A1E7A4F7556}") = "SLMS.Application.Tests", "SLMS.Application.Tests\SLMS.Application.Tests.csproj", "{039E0E2D-5BBC-4CB5-AEB6-F697E2A3CAD4}"
EndProject
Project("{FAE04EC0-301F-11D3-BF4B-00C04F79EFBC}") = "SLMS.Tools", "SLMS.Tools\SLMS.Tools.csproj", "{658DE6D8-E1FF-4A13-A286-9F830A957976}"
EndProject
Global
	GlobalSection(SolutionConfigurationPlatforms) = preSolution
		Debug|Any CPU = Debug|Any CPU
		Release|Any CPU = Release|Any CPU
	EndGlobalSection
	GlobalSection(ProjectConfigurationPlatforms) = postSolution
		{D98CBAE3-4486-4EB5-AC98-F4032EA2C39D}.Debug|Any CPU.ActiveCfg = Debug|Any CPU
		{D98CBAE3-4486-4EB5-AC98-F4032EA2C39D}.Debug|Any CPU.Build.0 = Debug|Any CPU
		{D98CBAE3-4486-4EB5-AC98-F4032EA2C39D}.Release|Any CPU.ActiveCfg = Release|Any CPU
		{D98CBAE3-4486-4EB5-AC98-F4032EA2C39D}.Release|Any CPU.Build.0 = Release|Any CPU
		{9FD2C5C8-3781-4C82-8DEC-C5D6AF142C17}.Debug|Any CPU.ActiveCfg = Debug|Any CPU
		{9FD2C5C8-3781-4C82-8DEC-C5D6AF142C17}.Debug|Any CPU.Build.0 = Debug|Any CPU
		{9FD2C5C8-3781-4C82-8DEC-C5D6AF142C17}.Release|Any CPU.ActiveCfg = Release|Any CPU
		{9FD2C5C8-3781-4C82-8DEC-C5D6AF142C17}.Release|Any CPU.Build.0 = Release|Any CPU
		{014423E3-044D-485E-9E97-D2E919DF8D4A}.Debug|Any CPU.ActiveCfg = Debug|Any CPU
		{014423E3-044D-485E-9E97-D2E919DF8D4A}.Debug|Any CPU.Build.0 = Debug|Any CPU
		{014423E3-044D-485E-9E97-D2E919DF8D4A}.Release|Any CPU.ActiveCfg = Release|Any CPU
		{014423E3-044D-485E-9E97-D2E919DF8D4A}.Release|Any CPU.Build.0 = Release|Any CPU
		{2964CEDB-970B-435B-A94E-688CDB8839EB}.Debug|Any CPU.ActiveCfg = Debug|Any CPU
		{2964CEDB-970B-435B-A94E-688CDB8839EB}.Debug|Any CPU.Build.0 = Debug|Any CPU
		{2964CEDB-970B-435B-A94E-688CDB8839EB}.Release|Any CPU.ActiveCfg = Release|Any CPU
		{2964CEDB-970B-435B-A94E-688CDB8839EB}.Release|Any CPU.Build.0 = Release|Any CPU
		{BC2B09F6-D447-4DBF-BD2D-01B9A9D96DDC}.Debug|Any CPU.ActiveCfg = Debug|Any CPU
		{BC2B09F6-D447-4DBF-BD2D-01B9A9D96DDC}.Debug|Any CPU.Build.0 = Debug|Any CPU
		{BC2B09F6-D447-4DBF-BD2D-01B9A9D96DDC}.Release|Any CPU.ActiveCfg = Release|Any CPU
		{BC2B09F6-D447-4DBF-BD2D-01B9A9D96DDC}.Release|Any CPU.Build.0 = Release|Any CPU
		{039E0E2D-5BBC-4CB5-AEB6-F697E2A3CAD4}.Debug|Any CPU.ActiveCfg = Debug|Any CPU
		{039E0E2D-5BBC-4CB5-AEB6-F697E2A3CAD4}.Debug|Any CPU.Build.0 = Debug|Any CPU
		{039E0E2D-5BBC-4CB5-AEB6-F697E2A3CAD4}.Release|Any CPU.ActiveCfg = Release|Any CPU
		{039E0E2D-5BBC-4CB5-AEB6-F697E2A3CAD4}.Release|Any CPU.Build.0 = Release|Any CPU
		{658DE6D8-E1FF-4A13-A286-9F830A957976}.Debug|Any CPU.ActiveCfg = Debug|Any CPU
		{658DE6D8-E1FF-4A13-A286-9F830A957976}.Debug|Any CPU.Build.0 = Debug|Any CPU
		{658DE6D8-E1FF-4A13-A286-9F830A957976}.Release|Any CPU.ActiveCfg = Release|Any CPU
		{658DE6D8-E1FF-4A13-A286-9F830A957976}.Release|Any CPU.Build.0 = Release|Any CPU
	EndGlobalSection
	GlobalSection(SolutionProperties) = preSolution
		HideSolutionNode = FALSE
	EndGlobalSection
	GlobalSection(NestedProjects) = preSolution
		{D98CBAE3-4486-4EB5-AC98-F4032EA2C39D} = {2694D8D9-D2ED-4D07-AB7F-C095105B1220}
		{9FD2C5C8-3781-4C82-8DEC-C5D6AF142C17} = {2694D8D9-D2ED-4D07-AB7F-C095105B1220}
		{014423E3-044D-485E-9E97-D2E919DF8D4A} = {2694D8D9-D2ED-4D07-AB7F-C095105B1220}
		{2964CEDB-970B-435B-A94E-688CDB8839EB} = {2694D8D9-D2ED-4D07-AB7F-C095105B1220}
		{BC2B09F6-D447-4DBF-BD2D-01B9A9D96DDC} = {2694D8D9-D2ED-4D07-AB7F-C095105B1220}
		{039E0E2D-5BBC-4CB5-AEB6-F697E2A3CAD4} = {86F16125-12AF-41ED-9544-600DC38463F3}
		{658DE6D8-E1FF-4A13-A286-9F830A957976} = {2694D8D9-D2ED-4D07-AB7F-C095105B1220}
	EndGlobalSection
	GlobalSection(ExtensibilityGlobals) = postSolution
		SolutionGuid = {D0F88DB5-2789-45D7-8B2C-1FD36CD5DF9A}
	EndGlobalSection
EndGlobal
